{
  "name": "06-prueba-libreria",
  "version": "1.0.0",
  "lockfileVersion": 3,
  "requires": true,
  "packages": {
    "": {
      "name": "06-prueba-libreria",
      "version": "1.0.0",
      "license": "ISC",
      "dependencies": {
        "super-calc123456": "^1.0.3"
      }
    },
    "node_modules/super-calc123456": {
      "version": "1.0.3",
      "resolved": "https://registry.npmjs.org/super-calc123456/-/super-calc123456-1.0.3.tgz",
      "integrity": "sha512-R97n8XoN3Qmb0k7u6rBGSDk9NNJ8dEOPW0afcHg79vKQD+4u15pG9+KvZolBBeYrVj/oIScH6NoN0yZ5WRbvTQ=="
    }
  }
}
